
Microsoft Visual Studio Solution File, Format Version 12.00
# Visual Studio Version 16
VisualStudioVersion = 16.0.31019.35
MinimumVisualStudioVersion = 10.0.40219.1
Project("{FAE04EC0-301F-11D3-BF4B-00C04F79EFBC}") = "Primeiros passos", "Primeiros passos\Primeiros passos.csproj", "{3CE4A56F-82A0-4232-BC2F-92745FC25611}"
EndProject
Global
	GlobalSection(SolutionConfigurationPlatforms) = preSolution
		Debug|Any CPU = Debug|Any CPU
		Release|Any CPU = Release|Any CPU
	EndGlobalSection
	GlobalSection(ProjectConfigurationPlatforms) = postSolution
		{3CE4A56F-82A0-4232-BC2F-92745FC25611}.Debug|Any CPU.ActiveCfg = Debug|Any CPU
		{3CE4A56F-82A0-4232-BC2F-92745FC25611}.Debug|Any CPU.Build.0 = Debug|Any CPU
		{3CE4A56F-82A0-4232-BC2F-92745FC25611}.Release|Any CPU.ActiveCfg = Release|Any CPU
		{3CE4A56F-82A0-4232-BC2F-92745FC25611}.Release|Any CPU.Build.0 = Release|Any CPU
	EndGlobalSection
	GlobalSection(SolutionProperties) = preSolution
		HideSolutionNode = FALSE
	EndGlobalSection
	GlobalSection(ExtensibilityGlobals) = postSolution
		SolutionGuid = {9FED2E10-B625-4AE8-A200-590E41AE6EC8}
	EndGlobalSection
EndGlobal
